// !$*UTF8*$!
{
	archiveVersion = 1;
	classes = {
	};
	objectVersion = 50;
	objects = {

/* Begin PBXBuildFile section */
		4E92AC4723D9B7B300985157 /* AppDelegate.swift in Sources */ = {isa = PBXBuildFile; fileRef = 4E92AC4623D9B7B300985157 /* AppDelegate.swift */; };
		4E92AC4923D9B7B300985157 /* SceneDelegate.swift in Sources */ = {isa = PBXBuildFile; fileRef = 4E92AC4823D9B7B300985157 /* SceneDelegate.swift */; };
		4E92AC4D23D9B7B500985157 /* Assets.xcassets in Resources */ = {isa = PBXBuildFile; fileRef = 4E92AC4C23D9B7B500985157 /* Assets.xcassets */; };
		4E92AC5023D9B7B500985157 /* Preview Assets.xcassets in Resources */ = {isa = PBXBuildFile; fileRef = 4E92AC4F23D9B7B500985157 /* Preview Assets.xcassets */; };
		4E92AC5323D9B7B500985157 /* LaunchScreen.storyboard in Resources */ = {isa = PBXBuildFile; fileRef = 4E92AC5123D9B7B500985157 /* LaunchScreen.storyboard */; };
		4E92AC5D23D9B80100985157 /* MainViewController.swift in Sources */ = {isa = PBXBuildFile; fileRef = 4E92AC5C23D9B80100985157 /* MainViewController.swift */; };
		4E92AC6023D9B81A00985157 /* Main.storyboard in Resources */ = {isa = PBXBuildFile; fileRef = 4E92AC5E23D9B81A00985157 /* Main.storyboard */; };
		4E92AC6223D9B98100985157 /* PercentView.swift in Sources */ = {isa = PBXBuildFile; fileRef = 4E92AC6123D9B98100985157 /* PercentView.swift */; };
		4E92AC6423D9B99100985157 /* PercentLayer.swift in Sources */ = {isa = PBXBuildFile; fileRef = 4E92AC6323D9B99100985157 /* PercentLayer.swift */; };
		4E92AC6623D9B9AE00985157 /* SettingsViewController.swift in Sources */ = {isa = PBXBuildFile; fileRef = 4E92AC6523D9B9AE00985157 /* SettingsViewController.swift */; };
		4E92AC6823D9B9C100985157 /* SettingsService.swift in Sources */ = {isa = PBXBuildFile; fileRef = 4E92AC6723D9B9C100985157 /* SettingsService.swift */; };
/* End PBXBuildFile section */

/* Begin PBXFileReference section */
		4E92AC4323D9B7B300985157 /* Tomato.app */ = {isa = PBXFileReference; explicitFileType = wrapper.application; includeInIndex = 0; path = Tomato.app; sourceTree = BUILT_PRODUCTS_DIR; };
		4E92AC4623D9B7B300985157 /* AppDelegate.swift */ = {isa = PBXFileReference; lastKnownFileType = sourcecode.swift; path = AppDelegate.swift; sourceTree = "<group>"; };
		4E92AC4823D9B7B300985157 /* SceneDelegate.swift */ = {isa = PBXFileReference; lastKnownFileType = sourcecode.swift; path = SceneDelegate.swift; sourceTree = "<group>"; };
		4E92AC4C23D9B7B500985157 /* Assets.xcassets */ = {isa = PBXFileReference; lastKnownFileType = folder.assetcatalog; path = Assets.xcassets; sourceTree = "<group>"; };
		4E92AC4F23D9B7B500985157 /* Preview Assets.xcassets */ = {isa = PBXFileReference; lastKnownFileType = folder.assetcatalog; path = "Preview Assets.xcassets"; sourceTree = "<group>"; };
		4E92AC5223D9B7B500985157 /* Base */ = {isa = PBXFileReference; lastKnownFileType = file.storyboard; name = Base; path = Base.lproj/LaunchScreen.storyboard; sourceTree = "<group>"; };
		4E92AC5423D9B7B500985157 /* Info.plist */ = {isa = PBXFileReference; lastKnownFileType = text.plist.xml; path = Info.plist; sourceTree = "<group>"; };
		4E92AC5C23D9B80100985157 /* MainViewController.swift */ = {isa = PBXFileReference; lastKnownFileType = sourcecode.swift; path = MainViewController.swift; sourceTree = "<group>"; };
		4E92AC5F23D9B81A00985157 /* Base */ = {isa = PBXFileReference; lastKnownFileType = file.storyboard; name = Base; path = Base.lproj/Main.storyboard; sourceTree = "<group>"; };
		4E92AC6123D9B98100985157 /* PercentView.swift */ = {isa = PBXFileReference; lastKnownFileType = sourcecode.swift; path = PercentView.swift; sourceTree = "<group>"; };
		4E92AC6323D9B99100985157 /* PercentLayer.swift */ = {isa = PBXFileReference; lastKnownFileType = sourcecode.swift; path = PercentLayer.swift; sourceTree = "<group>"; };
		4E92AC6523D9B9AE00985157 /* SettingsViewController.swift */ = {isa = PBXFileReference; lastKnownFileType = sourcecode.swift; path = SettingsViewController.swift; sourceTree = "<group>"; };
		4E92AC6723D9B9C100985157 /* SettingsService.swift */ = {isa = PBXFileReference; lastKnownFileType = sourcecode.swift; path = SettingsService.swift; sourceTree = "<group>"; };
/* End PBXFileReference section */

/* Begin PBXFrameworksBuildPhase section */
		4E92AC4023D9B7B300985157 /* Frameworks */ = {
			isa = PBXFrameworksBuildPhase;
			buildActionMask = 2147483647;
			files = (
			);
			runOnlyForDeploymentPostprocessing = 0;
		};
/* End PBXFrameworksBuildPhase section */

/* Begin PBXGroup section */
		4E92AC3A23D9B7B300985157 = {
			isa = PBXGroup;
			children = (
				4E92AC4523D9B7B300985157 /* Tomato */,
				4E92AC4423D9B7B300985157 /* Products */,
			);
			sourceTree = "<group>";
		};
		4E92AC4423D9B7B300985157 /* Products */ = {
			isa = PBXGroup;
			children = (
				4E92AC4323D9B7B300985157 /* Tomato.app */,
			);
			name = Products;
			sourceTree = "<group>";
		};
		4E92AC4523D9B7B300985157 /* Tomato */ = {
			isa = PBXGroup;
			children = (
				4E92AC4623D9B7B300985157 /* AppDelegate.swift */,
				4E92AC4823D9B7B300985157 /* SceneDelegate.swift */,
				4E92AC5C23D9B80100985157 /* MainViewController.swift */,
				4E92AC6523D9B9AE00985157 /* SettingsViewController.swift */,
				4E92AC6123D9B98100985157 /* PercentView.swift */,
				4E92AC6323D9B99100985157 /* PercentLayer.swift */,
				4E92AC6723D9B9C100985157 /* SettingsService.swift */,
				4E92AC4C23D9B7B500985157 /* Assets.xcassets */,
				4E92AC5123D9B7B500985157 /* LaunchScreen.storyboard */,
				4E92AC5E23D9B81A00985157 /* Main.storyboard */,
				4E92AC5423D9B7B500985157 /* Info.plist */,
				4E92AC4E23D9B7B500985157 /* Preview Content */,
			);
			path = Tomato;
			sourceTree = "<group>";
		};
		4E92AC4E23D9B7B500985157 /* Preview Content */ = {
			isa = PBXGroup;
			children = (
				4E92AC4F23D9B7B500985157 /* Preview Assets.xcassets */,
			);
			path = "Preview Content";
			sourceTree = "<group>";
		};
/* End PBXGroup section */

/* Begin PBXNativeTarget section */
		4E92AC4223D9B7B300985157 /* Tomato */ = {
			isa = PBXNativeTarget;
			buildConfigurationList = 4E92AC5723D9B7B500985157 /* Build configuration list for PBXNativeTarget "Tomato" */;
			buildPhases = (
				4E92AC3F23D9B7B300985157 /* Sources */,
				4E92AC4023D9B7B300985157 /* Frameworks */,
				4E92AC4123D9B7B300985157 /* Resources */,
			);
			buildRules = (
			);
			dependencies = (
			);
			name = Tomato;
			productName = Tomato;
			productReference = 4E92AC4323D9B7B300985157 /* Tomato.app */;
			productType = "com.apple.product-type.application";
		};
/* End PBXNativeTarget section */

/* Begin PBXProject section */
		4E92AC3B23D9B7B300985157 /* Project object */ = {
			isa = PBXProject;
			attributes = {
				LastSwiftUpdateCheck = 1100;
				LastUpgradeCheck = 1100;
				ORGANIZATIONNAME = DC;
				TargetAttributes = {
					4E92AC4223D9B7B300985157 = {
						CreatedOnToolsVersion = 11.0;
					};
				};
			};
			buildConfigurationList = 4E92AC3E23D9B7B300985157 /* Build configuration list for PBXProject "Tomato" */;
			compatibilityVersion = "Xcode 9.3";
			developmentRegion = en;
			hasScannedForEncodings = 0;
			knownRegions = (
				en,
				Base,
			);
			mainGroup = 4E92AC3A23D9B7B300985157;
			productRefGroup = 4E92AC4423D9B7B300985157 /* Products */;
			projectDirPath = "";
			projectRoot = "";
			targets = (
				4E92AC4223D9B7B300985157 /* Tomato */,
			);
		};
/* End PBXProject section */

/* Begin PBXResourcesBuildPhase section */
		4E92AC4123D9B7B300985157 /* Resources */ = {
			isa = PBXResourcesBuildPhase;
			buildActionMask = 2147483647;
			files = (
				4E92AC5323D9B7B500985157 /* LaunchScreen.storyboard in Resources */,
				4E92AC5023D9B7B500985157 /* Preview Assets.xcassets in Resources */,
				4E92AC4D23D9B7B500985157 /* Assets.xcassets in Resources */,
				4E92AC6023D9B81A00985157 /* Main.storyboard in Resources */,
			);
			runOnlyForDeploymentPostprocessing = 0;
		};
/* End PBXResourcesBuildPhase section */

/* Begin PBXSourcesBuildPhase section */
		4E92AC3F23D9B7B300985157 /* Sources */ = {
			isa = PBXSourcesBuildPhase;
			buildActionMask = 2147483647;
			files = (
				4E92AC6223D9B98100985157 /* PercentView.swift in Sources */,
				4E92AC5D23D9B80100985157 /* MainViewController.swift in Sources */,
				4E92AC6423D9B99100985157 /* PercentLayer.swift in Sources */,
				4E92AC4723D9B7B300985157 /* AppDelegate.swift in Sources */,
				4E92AC4923D9B7B300985157 /* SceneDelegate.swift in Sources */,
				4E92AC6823D9B9C100985157 /* SettingsService.swift in Sources */,
				4E92AC6623D9B9AE00985157 /* SettingsViewController.swift in Sources */,
			);
			runOnlyForDeploymentPostprocessing = 0;
		};
/* End PBXSourcesBuildPhase section */

/* Begin PBXVariantGroup section */
		4E92AC5123D9B7B500985157 /* LaunchScreen.storyboard */ = {
			isa = PBXVariantGroup;
			children = (
				4E92AC5223D9B7B500985157 /* Base */,
			);
			name = LaunchScreen.storyboard;
			sourceTree = "<group>";
		};
		4E92AC5E23D9B81A00985157 /* Main.storyboard */ = {
			isa = PBXVariantGroup;
			children = (
				4E92AC5F23D9B81A00985157 /* Base */,
			);
			name = Main.storyboard;
			sourceTree = "<group>";
		};
/* End PBXVariantGroup section */

/* Begin XCBuildConfiguration section */
		4E92AC5523D9B7B500985157 /* Debug */ = {
			isa = XCBuildConfiguration;
			buildSettings = {
				ALWAYS_SEARCH_USER_PATHS = NO;
				CLANG_ANALYZER_NONNULL = YES;
				CLANG_ANALYZER_NUMBER_OBJECT_CONVERSION = YES_AGGRESSIVE;
				CLANG_CXX_LANGUAGE_STANDARD = "gnu++14";
				CLANG_CXX_LIBRARY = "libc++";
				CLANG_ENABLE_MODULES = YES;
				CLANG_ENABLE_OBJC_ARC = YES;
				CLANG_ENABLE_OBJC_WEAK = YES;
				CLANG_WARN_BLOCK_CAPTURE_AUTORELEASING = YES;
				CLANG_WARN_BOOL_CONVERSION = YES;
				CLANG_WARN_COMMA = YES;
				CLANG_WARN_CONSTANT_CONVERSION = YES;
				CLANG_WARN_DEPRECATED_OBJC_IMPLEMENTATIONS = YES;
				CLANG_WARN_DIRECT_OBJC_ISA_USAGE = YES_ERROR;
				CLANG_WARN_DOCUMENTATION_COMMENTS = YES;
				CLANG_WARN_EMPTY_BODY = YES;
				CLANG_WARN_ENUM_CONVERSION = YES;
				CLANG_WARN_INFINITE_RECURSION = YES;
				CLANG_WARN_INT_CONVERSION = YES;
				CLANG_WARN_NON_LITERAL_NULL_CONVERSION = YES;
				CLANG_WARN_OBJC_IMPLICIT_RETAIN_SELF = YES;
				CLANG_WARN_OBJC_LITERAL_CONVERSION = YES;
				CLANG_WARN_OBJC_ROOT_CLASS = YES_ERROR;
				CLANG_WARN_RANGE_LOOP_ANALYSIS = YES;
				CLANG_WARN_STRICT_PROTOTYPES = YES;
				CLANG_WARN_SUSPICIOUS_MOVE = YES;
				CLANG_WARN_UNGUARDED_AVAILABILITY = YES_AGGRESSIVE;
				CLANG_WARN_UNREACHABLE_CODE = YES;
				CLANG_WARN__DUPLICATE_METHOD_MATCH = YES;
				COPY_PHASE_STRIP = NO;
				DEBUG_INFORMATION_FORMAT = dwarf;
				ENABLE_STRICT_OBJC_MSGSEND = YES;
				ENABLE_TESTABILITY = YES;
				GCC_C_LANGUAGE_STANDARD = gnu11;
				GCC_DYNAMIC_NO_PIC = NO;
				GCC_NO_COMMON_BLOCKS = YES;
				GCC_OPTIMIZATION_LEVEL = 0;
				GCC_PREPROCESSOR_DEFINITIONS = (
					"DEBUG=1",
					"$(inherited)",
				);
				GCC_WARN_64_TO_32_BIT_CONVERSION = YES;
				GCC_WARN_ABOUT_RETURN_TYPE = YES_ERROR;
				GCC_WARN_UNDECLARED_SELECTOR = YES;
				GCC_WARN_UNINITIALIZED_AUTOS = YES_AGGRESSIVE;
				GCC_WARN_UNUSED_FUNCTION = YES;
				GCC_WARN_UNUSED_VARIABLE = YES;
				IPHONEOS_DEPLOYMENT_TARGET = 13.0;
				MTL_ENABLE_DEBUG_INFO = INCLUDE_SOURCE;
				MTL_FAST_MATH = YES;
				ONLY_ACTIVE_ARCH = YES;
				SDKROOT = iphoneos;
				SWIFT_ACTIVE_COMPILATION_CONDITIONS = DEBUG;
				SWIFT_OPTIMIZATION_LEVEL = "-Onone";
			};
			name = Debug;
		};
		4E92AC5623D9B7B500985157 /* Release */ = {
			isa = XCBuildConfiguration;
			buildSettings = {
				ALWAYS_SEARCH_USER_PATHS = NO;
				CLANG_ANALYZER_NONNULL = YES;
				CLANG_ANALYZER_NUMBER_OBJECT_CONVERSION = YES_AGGRESSIVE;
				CLANG_CXX_LANGUAGE_STANDARD = "gnu++14";
				CLANG_CXX_LIBRARY = "libc++";
				CLANG_ENABLE_MODULES = YES;
				CLANG_ENABLE_OBJC_ARC = YES;
				CLANG_ENABLE_OBJC_WEAK = YES;
				CLANG_WARN_BLOCK_CAPTURE_AUTORELEASING = YES;
				CLANG_WARN_BOOL_CONVERSION = YES;
				CLANG_WARN_COMMA = YES;
				CLANG_WARN_CONSTANT_CONVERSION = YES;
				CLANG_WARN_DEPRECATED_OBJC_IMPLEMENTATIONS = YES;
				CLANG_WARN_DIRECT_OBJC_ISA_USAGE = YES_ERROR;
				CLANG_WARN_DOCUMENTATION_COMMENTS = YES;
				CLANG_WARN_EMPTY_BODY = YES;
				CLANG_WARN_ENUM_CONVERSION = YES;
				CLANG_WARN_INFINITE_RECURSION = YES;
				CLANG_WARN_INT_CONVERSION = YES;
				CLANG_WARN_NON_LITERAL_NULL_CONVERSION = YES;
				CLANG_WARN_OBJC_IMPLICIT_RETAIN_SELF = YES;
				CLANG_WARN_OBJC_LITERAL_CONVERSION = YES;
				CLANG_WARN_OBJC_ROOT_CLASS = YES_ERROR;
				CLANG_WARN_RANGE_LOOP_ANALYSIS = YES;
				CLANG_WARN_STRICT_PROTOTYPES = YES;
				CLANG_WARN_SUSPICIOUS_MOVE = YES;
				CLANG_WARN_UNGUARDED_AVAILABILITY = YES_AGGRESSIVE;
				CLANG_WARN_UNREACHABLE_CODE = YES;
				CLANG_WARN__DUPLICATE_METHOD_MATCH = YES;
				COPY_PHASE_STRIP = NO;
				DEBUG_INFORMATION_FORMAT = "dwarf-with-dsym";
				ENABLE_NS_ASSERTIONS = NO;
				ENABLE_STRICT_OBJC_MSGSEND = YES;
				GCC_C_LANGUAGE_STANDARD = gnu11;
				GCC_NO_COMMON_BLOCKS = YES;
				GCC_WARN_64_TO_32_BIT_CONVERSION = YES;
				GCC_WARN_ABOUT_RETURN_TYPE = YES_ERROR;
				GCC_WARN_UNDECLARED_SELECTOR = YES;
				GCC_WARN_UNINITIALIZED_AUTOS = YES_AGGRESSIVE;
				GCC_WARN_UNUSED_FUNCTION = YES;
				GCC_WARN_UNUSED_VARIABLE = YES;
				IPHONEOS_DEPLOYMENT_TARGET = 13.0;
				MTL_ENABLE_DEBUG_INFO = NO;
				MTL_FAST_MATH = YES;
				SDKROOT = iphoneos;
				SWIFT_COMPILATION_MODE = wholemodule;
				SWIFT_OPTIMIZATION_LEVEL = "-O";
				VALIDATE_PRODUCT = YES;
			};
			name = Release;
		};
		4E92AC5823D9B7B500985157 /* Debug */ = {
			isa = XCBuildConfiguration;
			buildSettings = {
				ASSETCATALOG_COMPILER_APPICON_NAME = AppIcon;
				CODE_SIGN_STYLE = Automatic;
				DEVELOPMENT_ASSET_PATHS = "\"Tomato/Preview Content\"";
				DEVELOPMENT_TEAM = TC63A5A779;
				ENABLE_PREVIEWS = YES;
				INFOPLIST_FILE = Tomato/Info.plist;
				LD_RUNPATH_SEARCH_PATHS = (
					"$(inherited)",
					"@executable_path/Frameworks",
				);
				PRODUCT_BUNDLE_IDENTIFIER = com.damonthecricket.Tomato;
				PRODUCT_NAME = "$(TARGET_NAME)";
				SWIFT_VERSION = 5.0;
				TARGETED_DEVICE_FAMILY = "1,2";
			};
			name = Debug;
		};
		4E92AC5923D9B7B500985157 /* Release */ = {
			isa = XCBuildConfiguration;
			buildSettings = {
				ASSETCATALOG_COMPILER_APPICON_NAME = AppIcon;
				CODE_SIGN_STYLE = Automatic;
				DEVELOPMENT_ASSET_PATHS = "\"Tomato/Preview Content\"";
				DEVELOPMENT_TEAM = TC63A5A779;
				ENABLE_PREVIEWS = YES;
				INFOPLIST_FILE = Tomato/Info.plist;
				LD_RUNPATH_SEARCH_PATHS = (
					"$(inherited)",
					"@executable_path/Frameworks",
				);
				PRODUCT_BUNDLE_IDENTIFIER = com.damonthecricket.Tomato;
				PRODUCT_NAME = "$(TARGET_NAME)";
				SWIFT_VERSION = 5.0;
				TARGETED_DEVICE_FAMILY = "1,2";
			};
			name = Release;
		};
/* End XCBuildConfiguration section */

/* Begin XCConfigurationList section */
		4E92AC3E23D9B7B300985157 /* Build configuration list for PBXProject "Tomato" */ = {
			isa = XCConfigurationList;
			buildConfigurations = (
				4E92AC5523D9B7B500985157 /* Debug */,
				4E92AC5623D9B7B500985157 /* Release */,
			);
			defaultConfigurationIsVisible = 0;
			defaultConfigurationName = Release;
		};
		4E92AC5723D9B7B500985157 /* Build configuration list for PBXNativeTarget "Tomato" */ = {
			isa = XCConfigurationList;
			buildConfigurations = (
				4E92AC5823D9B7B500985157 /* Debug */,
				4E92AC5923D9B7B500985157 /* Release */,
			);
			defaultConfigurationIsVisible = 0;
			defaultConfigurationName = Release;
		};
/* End XCConfigurationList section */
	};
	rootObject = 4E92AC3B23D9B7B300985157 /* Project object */;
}
